
Microsoft Visual Studio Solution File, Format Version 12.00
# Visual Studio 15
VisualStudioVersion = 15.0.26403.7
MinimumVisualStudioVersion = 10.0.40219.1
Project("{9A19103F-16F7-4668-BE54-9A1E7A4F7556}") = "EPC.ReferenceIntegration", "EPC.ReferenceIntegration\EPC.ReferenceIntegration.csproj", "{1826F6FE-48C2-42D9-AF7D-56D4B53B9FAE}"
EndProject
Project("{2150E333-8FDC-42A3-9474-1A3956D46DE8}") = "ReferenceIntegrationUI", "ReferenceIntegrationUI", "{B42D62A4-D750-4065-8A18-D8732D179EBF}"
	ProjectSection(SolutionItems) = preProject
		ReferenceIntegrationPOC.html = ReferenceIntegrationPOC.html
	EndProjectSection
EndProject
Global
	GlobalSection(SolutionConfigurationPlatforms) = preSolution
		Debug|Any CPU = Debug|Any CPU
		Release|Any CPU = Release|Any CPU
	EndGlobalSection
	GlobalSection(ProjectConfigurationPlatforms) = postSolution
		{1826F6FE-48C2-42D9-AF7D-56D4B53B9FAE}.Debug|Any CPU.ActiveCfg = Debug|Any CPU
		{1826F6FE-48C2-42D9-AF7D-56D4B53B9FAE}.Debug|Any CPU.Build.0 = Debug|Any CPU
		{1826F6FE-48C2-42D9-AF7D-56D4B53B9FAE}.Release|Any CPU.ActiveCfg = Release|Any CPU
		{1826F6FE-48C2-42D9-AF7D-56D4B53B9FAE}.Release|Any CPU.Build.0 = Release|Any CPU
	EndGlobalSection
	GlobalSection(SolutionProperties) = preSolution
		HideSolutionNode = FALSE
	EndGlobalSection
EndGlobal
